// !$*UTF8*$!
{
	archiveVersion = 1;
	classes = {
	};
	objectVersion = 46;
	objects = {

/* Begin PBXBuildFile section */
		7366AC8A1F45957900A95D9B /* AppDelegate.swift in Sources */ = {isa = PBXBuildFile; fileRef = 7366AC891F45957900A95D9B /* AppDelegate.swift */; };
		7366AC8C1F45957900A95D9B /* ViewController.swift in Sources */ = {isa = PBXBuildFile; fileRef = 7366AC8B1F45957900A95D9B /* ViewController.swift */; };
		7366AC8F1F45957900A95D9B /* Main.storyboard in Resources */ = {isa = PBXBuildFile; fileRef = 7366AC8D1F45957900A95D9B /* Main.storyboard */; };
		7366AC921F45957900A95D9B /* RigFloorCalcSI.xcdatamodeld in Sources */ = {isa = PBXBuildFile; fileRef = 7366AC901F45957900A95D9B /* RigFloorCalcSI.xcdatamodeld */; };
		7366AC941F45957900A95D9B /* Assets.xcassets in Resources */ = {isa = PBXBuildFile; fileRef = 7366AC931F45957900A95D9B /* Assets.xcassets */; };
		7366AC971F45957900A95D9B /* LaunchScreen.storyboard in Resources */ = {isa = PBXBuildFile; fileRef = 7366AC951F45957900A95D9B /* LaunchScreen.storyboard */; };
		7366ACA21F45957900A95D9B /* RigFloorCalcSITests.swift in Sources */ = {isa = PBXBuildFile; fileRef = 7366ACA11F45957900A95D9B /* RigFloorCalcSITests.swift */; };
		7366ACAD1F45957900A95D9B /* RigFloorCalcSIUITests.swift in Sources */ = {isa = PBXBuildFile; fileRef = 7366ACAC1F45957900A95D9B /* RigFloorCalcSIUITests.swift */; };
		7366ACBB1F4595ED00A95D9B /* TBVVC.swift in Sources */ = {isa = PBXBuildFile; fileRef = 7366ACBA1F4595ED00A95D9B /* TBVVC.swift */; };
		7366ACBD1F45AD4D00A95D9B /* A_ViewController.swift in Sources */ = {isa = PBXBuildFile; fileRef = 7366ACBC1F45AD4D00A95D9B /* A_ViewController.swift */; };
		738A004A1F45AF9400C0C12C /* B_ViewController.swift in Sources */ = {isa = PBXBuildFile; fileRef = 738A00491F45AF9400C0C12C /* B_ViewController.swift */; };
		738A004C1F45AFB500C0C12C /* C_ViewController.swift in Sources */ = {isa = PBXBuildFile; fileRef = 738A004B1F45AFB500C0C12C /* C_ViewController.swift */; };
		738A004E1F45AFCF00C0C12C /* D_ViewController.swift in Sources */ = {isa = PBXBuildFile; fileRef = 738A004D1F45AFCF00C0C12C /* D_ViewController.swift */; };
		738A00501F45AFEA00C0C12C /* E_ViewController.swift in Sources */ = {isa = PBXBuildFile; fileRef = 738A004F1F45AFEA00C0C12C /* E_ViewController.swift */; };
		738A00521F45B00200C0C12C /* F_ViewController.swift in Sources */ = {isa = PBXBuildFile; fileRef = 738A00511F45B00200C0C12C /* F_ViewController.swift */; };
		738A00541F45B01E00C0C12C /* G_ViewController.swift in Sources */ = {isa = PBXBuildFile; fileRef = 738A00531F45B01E00C0C12C /* G_ViewController.swift */; };
		738A00561F45B04E00C0C12C /* H_ViewController.swift in Sources */ = {isa = PBXBuildFile; fileRef = 738A00551F45B04E00C0C12C /* H_ViewController.swift */; };
		738A00581F45B06800C0C12C /* I_ViewController.swift in Sources */ = {isa = PBXBuildFile; fileRef = 738A00571F45B06800C0C12C /* I_ViewController.swift */; };
		738A005A1F45B08D00C0C12C /* J_ViewController.swift in Sources */ = {isa = PBXBuildFile; fileRef = 738A00591F45B08D00C0C12C /* J_ViewController.swift */; };
		738A005C1F45B0AD00C0C12C /* K_ViewController.swift in Sources */ = {isa = PBXBuildFile; fileRef = 738A005B1F45B0AD00C0C12C /* K_ViewController.swift */; };
/* End PBXBuildFile section */

/* Begin PBXContainerItemProxy section */
		7366AC9E1F45957900A95D9B /* PBXContainerItemProxy */ = {
			isa = PBXContainerItemProxy;
			containerPortal = 7366AC7E1F45957900A95D9B /* Project object */;
			proxyType = 1;
			remoteGlobalIDString = 7366AC851F45957900A95D9B;
			remoteInfo = RigFloorCalcSI;
		};
		7366ACA91F45957900A95D9B /* PBXContainerItemProxy */ = {
			isa = PBXContainerItemProxy;
			containerPortal = 7366AC7E1F45957900A95D9B /* Project object */;
			proxyType = 1;
			remoteGlobalIDString = 7366AC851F45957900A95D9B;
			remoteInfo = RigFloorCalcSI;
		};
/* End PBXContainerItemProxy section */

/* Begin PBXFileReference section */
		7366AC861F45957900A95D9B /* MetricRigCalcSI.app */ = {isa = PBXFileReference; explicitFileType = wrapper.application; includeInIndex = 0; path = MetricRigCalcSI.app; sourceTree = BUILT_PRODUCTS_DIR; };
		7366AC891F45957900A95D9B /* AppDelegate.swift */ = {isa = PBXFileReference; lastKnownFileType = sourcecode.swift; path = AppDelegate.swift; sourceTree = "<group>"; };
		7366AC8B1F45957900A95D9B /* ViewController.swift */ = {isa = PBXFileReference; lastKnownFileType = sourcecode.swift; path = ViewController.swift; sourceTree = "<group>"; };
		7366AC8E1F45957900A95D9B /* Base */ = {isa = PBXFileReference; lastKnownFileType = file.storyboard; name = Base; path = Base.lproj/Main.storyboard; sourceTree = "<group>"; };
		7366AC911F45957900A95D9B /* RigFloorCalcSI.xcdatamodel */ = {isa = PBXFileReference; lastKnownFileType = wrapper.xcdatamodel; path = RigFloorCalcSI.xcdatamodel; sourceTree = "<group>"; };
		7366AC931F45957900A95D9B /* Assets.xcassets */ = {isa = PBXFileReference; lastKnownFileType = folder.assetcatalog; path = Assets.xcassets; sourceTree = "<group>"; };
		7366AC961F45957900A95D9B /* Base */ = {isa = PBXFileReference; lastKnownFileType = file.storyboard; name = Base; path = Base.lproj/LaunchScreen.storyboard; sourceTree = "<group>"; };
		7366AC981F45957900A95D9B /* Info.plist */ = {isa = PBXFileReference; lastKnownFileType = text.plist.xml; path = Info.plist; sourceTree = "<group>"; };
		7366AC9D1F45957900A95D9B /* MetricRigCalcSITests.xctest */ = {isa = PBXFileReference; explicitFileType = wrapper.cfbundle; includeInIndex = 0; path = MetricRigCalcSITests.xctest; sourceTree = BUILT_PRODUCTS_DIR; };
		7366ACA11F45957900A95D9B /* RigFloorCalcSITests.swift */ = {isa = PBXFileReference; lastKnownFileType = sourcecode.swift; path = RigFloorCalcSITests.swift; sourceTree = "<group>"; };
		7366ACA31F45957900A95D9B /* Info.plist */ = {isa = PBXFileReference; lastKnownFileType = text.plist.xml; path = Info.plist; sourceTree = "<group>"; };
		7366ACA81F45957900A95D9B /* MetricRigCalcSIUITests.xctest */ = {isa = PBXFileReference; explicitFileType = wrapper.cfbundle; includeInIndex = 0; path = MetricRigCalcSIUITests.xctest; sourceTree = BUILT_PRODUCTS_DIR; };
		7366ACAC1F45957900A95D9B /* RigFloorCalcSIUITests.swift */ = {isa = PBXFileReference; lastKnownFileType = sourcecode.swift; path = RigFloorCalcSIUITests.swift; sourceTree = "<group>"; };
		7366ACAE1F45957900A95D9B /* Info.plist */ = {isa = PBXFileReference; lastKnownFileType = text.plist.xml; path = Info.plist; sourceTree = "<group>"; };
		7366ACBA1F4595ED00A95D9B /* TBVVC.swift */ = {isa = PBXFileReference; fileEncoding = 4; lastKnownFileType = sourcecode.swift; path = TBVVC.swift; sourceTree = "<group>"; };
		7366ACBC1F45AD4D00A95D9B /* A_ViewController.swift */ = {isa = PBXFileReference; fileEncoding = 4; lastKnownFileType = sourcecode.swift; path = A_ViewController.swift; sourceTree = "<group>"; };
		738A00491F45AF9400C0C12C /* B_ViewController.swift */ = {isa = PBXFileReference; fileEncoding = 4; lastKnownFileType = sourcecode.swift; path = B_ViewController.swift; sourceTree = "<group>"; };
		738A004B1F45AFB500C0C12C /* C_ViewController.swift */ = {isa = PBXFileReference; fileEncoding = 4; lastKnownFileType = sourcecode.swift; path = C_ViewController.swift; sourceTree = "<group>"; };
		738A004D1F45AFCF00C0C12C /* D_ViewController.swift */ = {isa = PBXFileReference; fileEncoding = 4; lastKnownFileType = sourcecode.swift; path = D_ViewController.swift; sourceTree = "<group>"; };
		738A004F1F45AFEA00C0C12C /* E_ViewController.swift */ = {isa = PBXFileReference; fileEncoding = 4; lastKnownFileType = sourcecode.swift; path = E_ViewController.swift; sourceTree = "<group>"; };
		738A00511F45B00200C0C12C /* F_ViewController.swift */ = {isa = PBXFileReference; fileEncoding = 4; lastKnownFileType = sourcecode.swift; path = F_ViewController.swift; sourceTree = "<group>"; };
		738A00531F45B01E00C0C12C /* G_ViewController.swift */ = {isa = PBXFileReference; fileEncoding = 4; lastKnownFileType = sourcecode.swift; path = G_ViewController.swift; sourceTree = "<group>"; };
		738A00551F45B04E00C0C12C /* H_ViewController.swift */ = {isa = PBXFileReference; fileEncoding = 4; lastKnownFileType = sourcecode.swift; path = H_ViewController.swift; sourceTree = "<group>"; };
		738A00571F45B06800C0C12C /* I_ViewController.swift */ = {isa = PBXFileReference; fileEncoding = 4; lastKnownFileType = sourcecode.swift; path = I_ViewController.swift; sourceTree = "<group>"; };
		738A00591F45B08D00C0C12C /* J_ViewController.swift */ = {isa = PBXFileReference; fileEncoding = 4; lastKnownFileType = sourcecode.swift; path = J_ViewController.swift; sourceTree = "<group>"; };
		738A005B1F45B0AD00C0C12C /* K_ViewController.swift */ = {isa = PBXFileReference; fileEncoding = 4; lastKnownFileType = sourcecode.swift; path = K_ViewController.swift; sourceTree = "<group>"; };
/* End PBXFileReference section */

/* Begin PBXFrameworksBuildPhase section */
		7366AC831F45957900A95D9B /* Frameworks */ = {
			isa = PBXFrameworksBuildPhase;
			buildActionMask = 2147483647;
			files = (
			);
			runOnlyForDeploymentPostprocessing = 0;
		};
		7366AC9A1F45957900A95D9B /* Frameworks */ = {
			isa = PBXFrameworksBuildPhase;
			buildActionMask = 2147483647;
			files = (
			);
			runOnlyForDeploymentPostprocessing = 0;
		};
		7366ACA51F45957900A95D9B /* Frameworks */ = {
			isa = PBXFrameworksBuildPhase;
			buildActionMask = 2147483647;
			files = (
			);
			runOnlyForDeploymentPostprocessing = 0;
		};
/* End PBXFrameworksBuildPhase section */

/* Begin PBXGroup section */
		7366AC7D1F45957800A95D9B = {
			isa = PBXGroup;
			children = (
				7366AC881F45957900A95D9B /* RigFloorCalcSI */,
				7366ACA01F45957900A95D9B /* RigFloorCalcSITests */,
				7366ACAB1F45957900A95D9B /* RigFloorCalcSIUITests */,
				7366AC871F45957900A95D9B /* Products */,
			);
			sourceTree = "<group>";
		};
		7366AC871F45957900A95D9B /* Products */ = {
			isa = PBXGroup;
			children = (
				7366AC861F45957900A95D9B /* MetricRigCalcSI.app */,
				7366AC9D1F45957900A95D9B /* MetricRigCalcSITests.xctest */,
				7366ACA81F45957900A95D9B /* MetricRigCalcSIUITests.xctest */,
			);
			name = Products;
			sourceTree = "<group>";
		};
		7366AC881F45957900A95D9B /* RigFloorCalcSI */ = {
			isa = PBXGroup;
			children = (
				7366AC891F45957900A95D9B /* AppDelegate.swift */,
				7366AC8B1F45957900A95D9B /* ViewController.swift */,
				7366ACBA1F4595ED00A95D9B /* TBVVC.swift */,
				7366ACBC1F45AD4D00A95D9B /* A_ViewController.swift */,
				738A00491F45AF9400C0C12C /* B_ViewController.swift */,
				738A004B1F45AFB500C0C12C /* C_ViewController.swift */,
				738A004D1F45AFCF00C0C12C /* D_ViewController.swift */,
				738A004F1F45AFEA00C0C12C /* E_ViewController.swift */,
				738A00511F45B00200C0C12C /* F_ViewController.swift */,
				738A00531F45B01E00C0C12C /* G_ViewController.swift */,
				738A00551F45B04E00C0C12C /* H_ViewController.swift */,
				738A00571F45B06800C0C12C /* I_ViewController.swift */,
				738A00591F45B08D00C0C12C /* J_ViewController.swift */,
				738A005B1F45B0AD00C0C12C /* K_ViewController.swift */,
				7366AC8D1F45957900A95D9B /* Main.storyboard */,
				7366AC931F45957900A95D9B /* Assets.xcassets */,
				7366AC951F45957900A95D9B /* LaunchScreen.storyboard */,
				7366AC981F45957900A95D9B /* Info.plist */,
				7366AC901F45957900A95D9B /* RigFloorCalcSI.xcdatamodeld */,
			);
			path = RigFloorCalcSI;
			sourceTree = "<group>";
		};
		7366ACA01F45957900A95D9B /* RigFloorCalcSITests */ = {
			isa = PBXGroup;
			children = (
				7366ACA11F45957900A95D9B /* RigFloorCalcSITests.swift */,
				7366ACA31F45957900A95D9B /* Info.plist */,
			);
			path = RigFloorCalcSITests;
			sourceTree = "<group>";
		};
		7366ACAB1F45957900A95D9B /* RigFloorCalcSIUITests */ = {
			isa = PBXGroup;
			children = (
				7366ACAC1F45957900A95D9B /* RigFloorCalcSIUITests.swift */,
				7366ACAE1F45957900A95D9B /* Info.plist */,
			);
			path = RigFloorCalcSIUITests;
			sourceTree = "<group>";
		};
/* End PBXGroup section */

/* Begin PBXNativeTarget section */
		7366AC851F45957900A95D9B /* MetricRigCalcSI */ = {
			isa = PBXNativeTarget;
			buildConfigurationList = 7366ACB11F45957900A95D9B /* Build configuration list for PBXNativeTarget "MetricRigCalcSI" */;
			buildPhases = (
				7366AC821F45957900A95D9B /* Sources */,
				7366AC831F45957900A95D9B /* Frameworks */,
				7366AC841F45957900A95D9B /* Resources */,
			);
			buildRules = (
			);
			dependencies = (
			);
			name = MetricRigCalcSI;
			productName = RigFloorCalcSI;
			productReference = 7366AC861F45957900A95D9B /* MetricRigCalcSI.app */;
			productType = "com.apple.product-type.application";
		};
		7366AC9C1F45957900A95D9B /* MetricRigCalcSITests */ = {
			isa = PBXNativeTarget;
			buildConfigurationList = 7366ACB41F45957900A95D9B /* Build configuration list for PBXNativeTarget "MetricRigCalcSITests" */;
			buildPhases = (
				7366AC991F45957900A95D9B /* Sources */,
				7366AC9A1F45957900A95D9B /* Frameworks */,
				7366AC9B1F45957900A95D9B /* Resources */,
			);
			buildRules = (
			);
			dependencies = (
				7366AC9F1F45957900A95D9B /* PBXTargetDependency */,
			);
			name = MetricRigCalcSITests;
			productName = RigFloorCalcSITests;
			productReference = 7366AC9D1F45957900A95D9B /* MetricRigCalcSITests.xctest */;
			productType = "com.apple.product-type.bundle.unit-test";
		};
		7366ACA71F45957900A95D9B /* MetricRigCalcSIUITests */ = {
			isa = PBXNativeTarget;
			buildConfigurationList = 7366ACB71F45957900A95D9B /* Build configuration list for PBXNativeTarget "MetricRigCalcSIUITests" */;
			buildPhases = (
				7366ACA41F45957900A95D9B /* Sources */,
				7366ACA51F45957900A95D9B /* Frameworks */,
				7366ACA61F45957900A95D9B /* Resources */,
			);
			buildRules = (
			);
			dependencies = (
				7366ACAA1F45957900A95D9B /* PBXTargetDependency */,
			);
			name = MetricRigCalcSIUITests;
			productName = RigFloorCalcSIUITests;
			productReference = 7366ACA81F45957900A95D9B /* MetricRigCalcSIUITests.xctest */;
			productType = "com.apple.product-type.bundle.ui-testing";
		};
/* End PBXNativeTarget section */

/* Begin PBXProject section */
		7366AC7E1F45957900A95D9B /* Project object */ = {
			isa = PBXProject;
			attributes = {
				LastSwiftUpdateCheck = 0830;
				LastUpgradeCheck = 1020;
				ORGANIZATIONNAME = "Sergei Kazakov";
				TargetAttributes = {
					7366AC851F45957900A95D9B = {
						CreatedOnToolsVersion = 8.3.3;
						DevelopmentTeam = 6GKM2ZQ24G;
						LastSwiftMigration = 1020;
						ProvisioningStyle = Automatic;
					};
					7366AC9C1F45957900A95D9B = {
						CreatedOnToolsVersion = 8.3.3;
						DevelopmentTeam = 6GKM2ZQ24G;
						LastSwiftMigration = 1020;
						ProvisioningStyle = Automatic;
						TestTargetID = 7366AC851F45957900A95D9B;
					};
					7366ACA71F45957900A95D9B = {
						CreatedOnToolsVersion = 8.3.3;
						DevelopmentTeam = 6GKM2ZQ24G;
						LastSwiftMigration = 1020;
						ProvisioningStyle = Automatic;
						TestTargetID = 7366AC851F45957900A95D9B;
					};
				};
			};
			buildConfigurationList = 7366AC811F45957900A95D9B /* Build configuration list for PBXProject "MetricRigCalcSI" */;
			compatibilityVersion = "Xcode 3.2";
			developmentRegion = en;
			hasScannedForEncodings = 0;
			knownRegions = (
				en,
				Base,
			);
			mainGroup = 7366AC7D1F45957800A95D9B;
			productRefGroup = 7366AC871F45957900A95D9B /* Products */;
			projectDirPath = "";
			projectRoot = "";
			targets = (
				7366AC851F45957900A95D9B /* MetricRigCalcSI */,
				7366AC9C1F45957900A95D9B /* MetricRigCalcSITests */,
				7366ACA71F45957900A95D9B /* MetricRigCalcSIUITests */,
			);
		};
/* End PBXProject section */

/* Begin PBXResourcesBuildPhase section */
		7366AC841F45957900A95D9B /* Resources */ = {
			isa = PBXResourcesBuildPhase;
			buildActionMask = 2147483647;
			files = (
				7366AC971F45957900A95D9B /* LaunchScreen.storyboard in Resources */,
				7366AC941F45957900A95D9B /* Assets.xcassets in Resources */,
				7366AC8F1F45957900A95D9B /* Main.storyboard in Resources */,
			);
			runOnlyForDeploymentPostprocessing = 0;
		};
		7366AC9B1F45957900A95D9B /* Resources */ = {
			isa = PBXResourcesBuildPhase;
			buildActionMask = 2147483647;
			files = (
			);
			runOnlyForDeploymentPostprocessing = 0;
		};
		7366ACA61F45957900A95D9B /* Resources */ = {
			isa = PBXResourcesBuildPhase;
			buildActionMask = 2147483647;
			files = (
			);
			runOnlyForDeploymentPostprocessing = 0;
		};
/* End PBXResourcesBuildPhase section */

/* Begin PBXSourcesBuildPhase section */
		7366AC821F45957900A95D9B /* Sources */ = {
			isa = PBXSourcesBuildPhase;
			buildActionMask = 2147483647;
			files = (
				7366AC8C1F45957900A95D9B /* ViewController.swift in Sources */,
				738A00581F45B06800C0C12C /* I_ViewController.swift in Sources */,
				7366AC921F45957900A95D9B /* RigFloorCalcSI.xcdatamodeld in Sources */,
				738A005A1F45B08D00C0C12C /* J_ViewController.swift in Sources */,
				7366AC8A1F45957900A95D9B /* AppDelegate.swift in Sources */,
				738A00561F45B04E00C0C12C /* H_ViewController.swift in Sources */,
				738A004E1F45AFCF00C0C12C /* D_ViewController.swift in Sources */,
				738A005C1F45B0AD00C0C12C /* K_ViewController.swift in Sources */,
				738A004A1F45AF9400C0C12C /* B_ViewController.swift in Sources */,
				738A00541F45B01E00C0C12C /* G_ViewController.swift in Sources */,
				738A00521F45B00200C0C12C /* F_ViewController.swift in Sources */,
				738A00501F45AFEA00C0C12C /* E_ViewController.swift in Sources */,
				738A004C1F45AFB500C0C12C /* C_ViewController.swift in Sources */,
				7366ACBD1F45AD4D00A95D9B /* A_ViewController.swift in Sources */,
				7366ACBB1F4595ED00A95D9B /* TBVVC.swift in Sources */,
			);
			runOnlyForDeploymentPostprocessing = 0;
		};
		7366AC991F45957900A95D9B /* Sources */ = {
			isa = PBXSourcesBuildPhase;
			buildActionMask = 2147483647;
			files = (
				7366ACA21F45957900A95D9B /* RigFloorCalcSITests.swift in Sources */,
			);
			runOnlyForDeploymentPostprocessing = 0;
		};
		7366ACA41F45957900A95D9B /* Sources */ = {
			isa = PBXSourcesBuildPhase;
			buildActionMask = 2147483647;
			files = (
				7366ACAD1F45957900A95D9B /* RigFloorCalcSIUITests.swift in Sources */,
			);
			runOnlyForDeploymentPostprocessing = 0;
		};
/* End PBXSourcesBuildPhase section */

/* Begin PBXTargetDependency section */
		7366AC9F1F45957900A95D9B /* PBXTargetDependency */ = {
			isa = PBXTargetDependency;
			target = 7366AC851F45957900A95D9B /* MetricRigCalcSI */;
			targetProxy = 7366AC9E1F45957900A95D9B /* PBXContainerItemProxy */;
		};
		7366ACAA1F45957900A95D9B /* PBXTargetDependency */ = {
			isa = PBXTargetDependency;
			target = 7366AC851F45957900A95D9B /* MetricRigCalcSI */;
			targetProxy = 7366ACA91F45957900A95D9B /* PBXContainerItemProxy */;
		};
/* End PBXTargetDependency section */

/* Begin PBXVariantGroup section */
		7366AC8D1F45957900A95D9B /* Main.storyboard */ = {
			isa = PBXVariantGroup;
			children = (
				7366AC8E1F45957900A95D9B /* Base */,
			);
			name = Main.storyboard;
			sourceTree = "<group>";
		};
		7366AC951F45957900A95D9B /* LaunchScreen.storyboard */ = {
			isa = PBXVariantGroup;
			children = (
				7366AC961F45957900A95D9B /* Base */,
			);
			name = LaunchScreen.storyboard;
			sourceTree = "<group>";
		};
/* End PBXVariantGroup section */

/* Begin XCBuildConfiguration section */
		7366ACAF1F45957900A95D9B /* Debug */ = {
			isa = XCBuildConfiguration;
			buildSettings = {
				ALWAYS_SEARCH_USER_PATHS = NO;
				CLANG_ANALYZER_LOCALIZABILITY_NONLOCALIZED = YES;
				CLANG_ANALYZER_NONNULL = YES;
				CLANG_ANALYZER_NUMBER_OBJECT_CONVERSION = YES_AGGRESSIVE;
				CLANG_CXX_LANGUAGE_STANDARD = "gnu++0x";
				CLANG_CXX_LIBRARY = "libc++";
				CLANG_ENABLE_MODULES = YES;
				CLANG_ENABLE_OBJC_ARC = YES;
				CLANG_WARN_BLOCK_CAPTURE_AUTORELEASING = YES;
				CLANG_WARN_BOOL_CONVERSION = YES;
				CLANG_WARN_COMMA = YES;
				CLANG_WARN_CONSTANT_CONVERSION = YES;
				CLANG_WARN_DEPRECATED_OBJC_IMPLEMENTATIONS = YES;
				CLANG_WARN_DIRECT_OBJC_ISA_USAGE = YES_ERROR;
				CLANG_WARN_DOCUMENTATION_COMMENTS = YES;
				CLANG_WARN_EMPTY_BODY = YES;
				CLANG_WARN_ENUM_CONVERSION = YES;
				CLANG_WARN_INFINITE_RECURSION = YES;
				CLANG_WARN_INT_CONVERSION = YES;
				CLANG_WARN_NON_LITERAL_NULL_CONVERSION = YES;
				CLANG_WARN_OBJC_IMPLICIT_RETAIN_SELF = YES;
				CLANG_WARN_OBJC_LITERAL_CONVERSION = YES;
				CLANG_WARN_OBJC_ROOT_CLASS = YES_ERROR;
				CLANG_WARN_RANGE_LOOP_ANALYSIS = YES;
				CLANG_WARN_STRICT_PROTOTYPES = YES;
				CLANG_WARN_SUSPICIOUS_MOVE = YES;
				CLANG_WARN_UNREACHABLE_CODE = YES;
				CLANG_WARN__DUPLICATE_METHOD_MATCH = YES;
				"CODE_SIGN_IDENTITY[sdk=iphoneos*]" = "iPhone Developer";
				COPY_PHASE_STRIP = NO;
				DEBUG_INFORMATION_FORMAT = dwarf;
				ENABLE_STRICT_OBJC_MSGSEND = YES;
				ENABLE_TESTABILITY = YES;
				GCC_C_LANGUAGE_STANDARD = gnu99;
				GCC_DYNAMIC_NO_PIC = NO;
				GCC_NO_COMMON_BLOCKS = YES;
				GCC_OPTIMIZATION_LEVEL = 0;
				GCC_PREPROCESSOR_DEFINITIONS = (
					"DEBUG=1",
					"$(inherited)",
				);
				GCC_WARN_64_TO_32_BIT_CONVERSION = YES;
				GCC_WARN_ABOUT_RETURN_TYPE = YES_ERROR;
				GCC_WARN_UNDECLARED_SELECTOR = YES;
				GCC_WARN_UNINITIALIZED_AUTOS = YES_AGGRESSIVE;
				GCC_WARN_UNUSED_FUNCTION = YES;
				GCC_WARN_UNUSED_VARIABLE = YES;
				IPHONEOS_DEPLOYMENT_TARGET = 10.0;
				MTL_ENABLE_DEBUG_INFO = YES;
				ONLY_ACTIVE_ARCH = YES;
				SDKROOT = iphoneos;
				SWIFT_ACTIVE_COMPILATION_CONDITIONS = DEBUG;
				SWIFT_OPTIMIZATION_LEVEL = "-Onone";
				TARGETED_DEVICE_FAMILY = "1,2";
			};
			name = Debug;
		};
		7366ACB01F45957900A95D9B /* Release */ = {
			isa = XCBuildConfiguration;
			buildSettings = {
				ALWAYS_SEARCH_USER_PATHS = NO;
				CLANG_ANALYZER_LOCALIZABILITY_NONLOCALIZED = YES;
				CLANG_ANALYZER_NONNULL = YES;
				CLANG_ANALYZER_NUMBER_OBJECT_CONVERSION = YES_AGGRESSIVE;
				CLANG_CXX_LANGUAGE_STANDARD = "gnu++0x";
				CLANG_CXX_LIBRARY = "libc++";
				CLANG_ENABLE_MODULES = YES;
				CLANG_ENABLE_OBJC_ARC = YES;
				CLANG_WARN_BLOCK_CAPTURE_AUTORELEASING = YES;
				CLANG_WARN_BOOL_CONVERSION = YES;
				CLANG_WARN_COMMA = YES;
				CLANG_WARN_CONSTANT_CONVERSION = YES;
				CLANG_WARN_DEPRECATED_OBJC_IMPLEMENTATIONS = YES;
				CLANG_WARN_DIRECT_OBJC_ISA_USAGE = YES_ERROR;
				CLANG_WARN_DOCUMENTATION_COMMENTS = YES;
				CLANG_WARN_EMPTY_BODY = YES;
				CLANG_WARN_ENUM_CONVERSION = YES;
				CLANG_WARN_INFINITE_RECURSION = YES;
				CLANG_WARN_INT_CONVERSION = YES;
				CLANG_WARN_NON_LITERAL_NULL_CONVERSION = YES;
				CLANG_WARN_OBJC_IMPLICIT_RETAIN_SELF = YES;
				CLANG_WARN_OBJC_LITERAL_CONVERSION = YES;
				CLANG_WARN_OBJC_ROOT_CLASS = YES_ERROR;
				CLANG_WARN_RANGE_LOOP_ANALYSIS = YES;
				CLANG_WARN_STRICT_PROTOTYPES = YES;
				CLANG_WARN_SUSPICIOUS_MOVE = YES;
				CLANG_WARN_UNREACHABLE_CODE = YES;
				CLANG_WARN__DUPLICATE_METHOD_MATCH = YES;
				"CODE_SIGN_IDENTITY[sdk=iphoneos*]" = "iPhone Developer";
				COPY_PHASE_STRIP = NO;
				DEBUG_INFORMATION_FORMAT = "dwarf-with-dsym";
				ENABLE_NS_ASSERTIONS = NO;
				ENABLE_STRICT_OBJC_MSGSEND = YES;
				GCC_C_LANGUAGE_STANDARD = gnu99;
				GCC_NO_COMMON_BLOCKS = YES;
				GCC_WARN_64_TO_32_BIT_CONVERSION = YES;
				GCC_WARN_ABOUT_RETURN_TYPE = YES_ERROR;
				GCC_WARN_UNDECLARED_SELECTOR = YES;
				GCC_WARN_UNINITIALIZED_AUTOS = YES_AGGRESSIVE;
				GCC_WARN_UNUSED_FUNCTION = YES;
				GCC_WARN_UNUSED_VARIABLE = YES;
				IPHONEOS_DEPLOYMENT_TARGET = 10.0;
				MTL_ENABLE_DEBUG_INFO = NO;
				SDKROOT = iphoneos;
				SWIFT_OPTIMIZATION_LEVEL = "-Owholemodule";
				TARGETED_DEVICE_FAMILY = "1,2";
				VALIDATE_PRODUCT = YES;
			};
			name = Release;
		};
		7366ACB21F45957900A95D9B /* Debug */ = {
			isa = XCBuildConfiguration;
			buildSettings = {
				ASSETCATALOG_COMPILER_APPICON_NAME = AppIcon;
				DEVELOPMENT_TEAM = 6GKM2ZQ24G;
				INFOPLIST_FILE = RigFloorCalcSI/Info.plist;
				IPHONEOS_DEPLOYMENT_TARGET = 10.0;
				LD_RUNPATH_SEARCH_PATHS = "$(inherited) @executable_path/Frameworks";
				PRODUCT_BUNDLE_IDENTIFIER = com.rigpet.MetricRigCalc;
				PRODUCT_NAME = "$(TARGET_NAME)";
				SWIFT_VERSION = 5.0;
				TARGETED_DEVICE_FAMILY = 1;
			};
			name = Debug;
		};
		7366ACB31F45957900A95D9B /* Release */ = {
			isa = XCBuildConfiguration;
			buildSettings = {
				ASSETCATALOG_COMPILER_APPICON_NAME = AppIcon;
				CODE_SIGN_IDENTITY = "iPhone Developer";
				DEVELOPMENT_TEAM = 6GKM2ZQ24G;
				INFOPLIST_FILE = RigFloorCalcSI/Info.plist;
				IPHONEOS_DEPLOYMENT_TARGET = 10.0;
				LD_RUNPATH_SEARCH_PATHS = "$(inherited) @executable_path/Frameworks";
				PRODUCT_BUNDLE_IDENTIFIER = com.rigpet.MetricRigCalc;
				PRODUCT_NAME = "$(TARGET_NAME)";
				SWIFT_VERSION = 5.0;
				TARGETED_DEVICE_FAMILY = 1;
			};
			name = Release;
		};
		7366ACB51F45957900A95D9B /* Debug */ = {
			isa = XCBuildConfiguration;
			buildSettings = {
				ALWAYS_EMBED_SWIFT_STANDARD_LIBRARIES = YES;
				BUNDLE_LOADER = "$(TEST_HOST)";
				DEVELOPMENT_TEAM = 6GKM2ZQ24G;
				INFOPLIST_FILE = RigFloorCalcSITests/Info.plist;
				LD_RUNPATH_SEARCH_PATHS = "$(inherited) @executable_path/Frameworks @loader_path/Frameworks";
				PRODUCT_BUNDLE_IDENTIFIER = com.rigpet.RigFloorCalcSITests;
				PRODUCT_NAME = "$(TARGET_NAME)";
				SWIFT_VERSION = 5.0;
				TEST_HOST = "$(BUILT_PRODUCTS_DIR)/MetricRigCalcSI.app/MetricRigCalcSI";
			};
			name = Debug;
		};
		7366ACB61F45957900A95D9B /* Release */ = {
			isa = XCBuildConfiguration;
			buildSettings = {
				ALWAYS_EMBED_SWIFT_STANDARD_LIBRARIES = YES;
				BUNDLE_LOADER = "$(TEST_HOST)";
				DEVELOPMENT_TEAM = 6GKM2ZQ24G;
				INFOPLIST_FILE = RigFloorCalcSITests/Info.plist;
				LD_RUNPATH_SEARCH_PATHS = "$(inherited) @executable_path/Frameworks @loader_path/Frameworks";
				PRODUCT_BUNDLE_IDENTIFIER = com.rigpet.RigFloorCalcSITests;
				PRODUCT_NAME = "$(TARGET_NAME)";
				SWIFT_VERSION = 5.0;
				TEST_HOST = "$(BUILT_PRODUCTS_DIR)/MetricRigCalcSI.app/MetricRigCalcSI";
			};
			name = Release;
		};
		7366ACB81F45957900A95D9B /* Debug */ = {
			isa = XCBuildConfiguration;
			buildSettings = {
				ALWAYS_EMBED_SWIFT_STANDARD_LIBRARIES = YES;
				DEVELOPMENT_TEAM = 6GKM2ZQ24G;
				INFOPLIST_FILE = RigFloorCalcSIUITests/Info.plist;
				LD_RUNPATH_SEARCH_PATHS = "$(inherited) @executable_path/Frameworks @loader_path/Frameworks";
				PRODUCT_BUNDLE_IDENTIFIER = com.rigpet.RigFloorCalcSIUITests;
				PRODUCT_NAME = "$(TARGET_NAME)";
				SWIFT_VERSION = 5.0;
				TEST_TARGET_NAME = RigFloorCalcSI;
			};
			name = Debug;
		};
		7366ACB91F45957900A95D9B /* Release */ = {
			isa = XCBuildConfiguration;
			buildSettings = {
				ALWAYS_EMBED_SWIFT_STANDARD_LIBRARIES = YES;
				DEVELOPMENT_TEAM = 6GKM2ZQ24G;
				INFOPLIST_FILE = RigFloorCalcSIUITests/Info.plist;
				LD_RUNPATH_SEARCH_PATHS = "$(inherited) @executable_path/Frameworks @loader_path/Frameworks";
				PRODUCT_BUNDLE_IDENTIFIER = com.rigpet.RigFloorCalcSIUITests;
				PRODUCT_NAME = "$(TARGET_NAME)";
				SWIFT_VERSION = 5.0;
				TEST_TARGET_NAME = RigFloorCalcSI;
			};
			name = Release;
		};
/* End XCBuildConfiguration section */

/* Begin XCConfigurationList section */
		7366AC811F45957900A95D9B /* Build configuration list for PBXProject "MetricRigCalcSI" */ = {
			isa = XCConfigurationList;
			buildConfigurations = (
				7366ACAF1F45957900A95D9B /* Debug */,
				7366ACB01F45957900A95D9B /* Release */,
			);
			defaultConfigurationIsVisible = 0;
			defaultConfigurationName = Debug;
		};
		7366ACB11F45957900A95D9B /* Build configuration list for PBXNativeTarget "MetricRigCalcSI" */ = {
			isa = XCConfigurationList;
			buildConfigurations = (
				7366ACB21F45957900A95D9B /* Debug */,
				7366ACB31F45957900A95D9B /* Release */,
			);
			defaultConfigurationIsVisible = 0;
			defaultConfigurationName = Debug;
		};
		7366ACB41F45957900A95D9B /* Build configuration list for PBXNativeTarget "MetricRigCalcSITests" */ = {
			isa = XCConfigurationList;
			buildConfigurations = (
				7366ACB51F45957900A95D9B /* Debug */,
				7366ACB61F45957900A95D9B /* Release */,
			);
			defaultConfigurationIsVisible = 0;
			defaultConfigurationName = Debug;
		};
		7366ACB71F45957900A95D9B /* Build configuration list for PBXNativeTarget "MetricRigCalcSIUITests" */ = {
			isa = XCConfigurationList;
			buildConfigurations = (
				7366ACB81F45957900A95D9B /* Debug */,
				7366ACB91F45957900A95D9B /* Release */,
			);
			defaultConfigurationIsVisible = 0;
			defaultConfigurationName = Debug;
		};
/* End XCConfigurationList section */

/* Begin XCVersionGroup section */
		7366AC901F45957900A95D9B /* RigFloorCalcSI.xcdatamodeld */ = {
			isa = XCVersionGroup;
			children = (
				7366AC911F45957900A95D9B /* RigFloorCalcSI.xcdatamodel */,
			);
			currentVersion = 7366AC911F45957900A95D9B /* RigFloorCalcSI.xcdatamodel */;
			path = RigFloorCalcSI.xcdatamodeld;
			sourceTree = "<group>";
			versionGroupType = wrapper.xcdatamodel;
		};
/* End XCVersionGroup section */
	};
	rootObject = 7366AC7E1F45957900A95D9B /* Project object */;
}
